// !$*UTF8*$!
{
	archiveVersion = 1;
	classes = {
	};
	objectVersion = 52;
	objects = {

/* Begin PBXBuildFile section */
		DF0B29DF23F0E49C000C3721 /* Levels.swift in Sources */ = {isa = PBXBuildFile; fileRef = DF0B29DE23F0E49C000C3721 /* Levels.swift */; };
		DF0B29E123F0E4B9000C3721 /* TimelineSprite.swift in Sources */ = {isa = PBXBuildFile; fileRef = DF0B29E023F0E4B9000C3721 /* TimelineSprite.swift */; };
		DF0B29E323F0E4D1000C3721 /* VideoInfo.swift in Sources */ = {isa = PBXBuildFile; fileRef = DF0B29E223F0E4D1000C3721 /* VideoInfo.swift */; };
		DF0B29E723F0EA80000C3721 /* VideoInfoViewController.swift in Sources */ = {isa = PBXBuildFile; fileRef = DF0B29E623F0EA80000C3721 /* VideoInfoViewController.swift */; };
		DF5FD0FF23F08B53005E35C6 /* AppDelegate.swift in Sources */ = {isa = PBXBuildFile; fileRef = DF5FD0FE23F08B53005E35C6 /* AppDelegate.swift */; };
		DF5FD10423F08B53005E35C6 /* Main.storyboard in Resources */ = {isa = PBXBuildFile; fileRef = DF5FD10223F08B53005E35C6 /* Main.storyboard */; };
		DF5FD10623F08B54005E35C6 /* Assets.xcassets in Resources */ = {isa = PBXBuildFile; fileRef = DF5FD10523F08B54005E35C6 /* Assets.xcassets */; };
		DF5FD10923F08B54005E35C6 /* LaunchScreen.storyboard in Resources */ = {isa = PBXBuildFile; fileRef = DF5FD10723F08B54005E35C6 /* LaunchScreen.storyboard */; };
		DF5FD11423F08B54005E35C6 /* HydravionTests.swift in Sources */ = {isa = PBXBuildFile; fileRef = DF5FD11323F08B54005E35C6 /* HydravionTests.swift */; };
		DF5FD11F23F08B54005E35C6 /* HydravionUITests.swift in Sources */ = {isa = PBXBuildFile; fileRef = DF5FD11E23F08B54005E35C6 /* HydravionUITests.swift */; };
		DF5FD12D23F08B91005E35C6 /* Subscription.swift in Sources */ = {isa = PBXBuildFile; fileRef = DF5FD12C23F08B91005E35C6 /* Subscription.swift */; };
		DF5FD12F23F08BB8005E35C6 /* Plan.swift in Sources */ = {isa = PBXBuildFile; fileRef = DF5FD12E23F08BB8005E35C6 /* Plan.swift */; };
		DF5FD13123F08BD5005E35C6 /* ChildImages.swift in Sources */ = {isa = PBXBuildFile; fileRef = DF5FD13023F08BD5005E35C6 /* ChildImages.swift */; };
		DF5FD13323F08BF9005E35C6 /* Thumbnail.swift in Sources */ = {isa = PBXBuildFile; fileRef = DF5FD13223F08BF9005E35C6 /* Thumbnail.swift */; };
		DF5FD13623F08C3C005E35C6 /* Video.swift in Sources */ = {isa = PBXBuildFile; fileRef = DF5FD13523F08C3C005E35C6 /* Video.swift */; };
		DF5FD13823F08C86005E35C6 /* LoginViewController.swift in Sources */ = {isa = PBXBuildFile; fileRef = DF5FD13723F08C86005E35C6 /* LoginViewController.swift */; };
		DF5FD13A23F08CA7005E35C6 /* MainViewController.swift in Sources */ = {isa = PBXBuildFile; fileRef = DF5FD13923F08CA7005E35C6 /* MainViewController.swift */; };
		DF5FD13C23F096A4005E35C6 /* NavigationController.swift in Sources */ = {isa = PBXBuildFile; fileRef = DF5FD13B23F096A4005E35C6 /* NavigationController.swift */; };
		DF5FD13E23F0A3E0005E35C6 /* TwoFAViewController.swift in Sources */ = {isa = PBXBuildFile; fileRef = DF5FD13D23F0A3E0005E35C6 /* TwoFAViewController.swift */; };
		DF5FD14023F0AC8D005E35C6 /* VideoSelectionViewController.swift in Sources */ = {isa = PBXBuildFile; fileRef = DF5FD13F23F0AC8D005E35C6 /* VideoSelectionViewController.swift */; };
		DF5FD14623F0BA34005E35C6 /* CollectionViewCell.swift in Sources */ = {isa = PBXBuildFile; fileRef = DF5FD14523F0BA34005E35C6 /* CollectionViewCell.swift */; };
		DFE4C6A823F2009C00C6501D /* CreatorInfo.swift in Sources */ = {isa = PBXBuildFile; fileRef = DFE4C6A723F2009C00C6501D /* CreatorInfo.swift */; };
		DFE4C6AA23F200DC00C6501D /* LiveStream.swift in Sources */ = {isa = PBXBuildFile; fileRef = DFE4C6A923F200DC00C6501D /* LiveStream.swift */; };
		DFE4C6AC23F200F900C6501D /* Offline.swift in Sources */ = {isa = PBXBuildFile; fileRef = DFE4C6AB23F200F900C6501D /* Offline.swift */; };
		DFE4C6AE23F2010C00C6501D /* Cover.swift in Sources */ = {isa = PBXBuildFile; fileRef = DFE4C6AD23F2010C00C6501D /* Cover.swift */; };
		DFE4C6B023F2012000C6501D /* Icon.swift in Sources */ = {isa = PBXBuildFile; fileRef = DFE4C6AF23F2012000C6501D /* Icon.swift */; };
		DFE4C6B223F2033F00C6501D /* LiveCDN.swift in Sources */ = {isa = PBXBuildFile; fileRef = DFE4C6B123F2033F00C6501D /* LiveCDN.swift */; };
		DFE4C6B423F2035200C6501D /* ResourceData.swift in Sources */ = {isa = PBXBuildFile; fileRef = DFE4C6B323F2035200C6501D /* ResourceData.swift */; };
		DFE4C6B623F2036900C6501D /* Resource.swift in Sources */ = {isa = PBXBuildFile; fileRef = DFE4C6B523F2036900C6501D /* Resource.swift */; };
		DFE4C6B923F20BEC00C6501D /* RegEx in Frameworks */ = {isa = PBXBuildFile; productRef = DFE4C6B823F20BEC00C6501D /* RegEx */; };
/* End PBXBuildFile section */

/* Begin PBXContainerItemProxy section */
		DF5FD11023F08B54005E35C6 /* PBXContainerItemProxy */ = {
			isa = PBXContainerItemProxy;
			containerPortal = DF5FD0F323F08B52005E35C6 /* Project object */;
			proxyType = 1;
			remoteGlobalIDString = DF5FD0FA23F08B52005E35C6;
			remoteInfo = Hydravion;
		};
		DF5FD11B23F08B54005E35C6 /* PBXContainerItemProxy */ = {
			isa = PBXContainerItemProxy;
			containerPortal = DF5FD0F323F08B52005E35C6 /* Project object */;
			proxyType = 1;
			remoteGlobalIDString = DF5FD0FA23F08B52005E35C6;
			remoteInfo = Hydravion;
		};
/* End PBXContainerItemProxy section */

/* Begin PBXFileReference section */
		DF0B29DE23F0E49C000C3721 /* Levels.swift */ = {isa = PBXFileReference; lastKnownFileType = sourcecode.swift; path = Levels.swift; sourceTree = "<group>"; };
		DF0B29E023F0E4B9000C3721 /* TimelineSprite.swift */ = {isa = PBXFileReference; lastKnownFileType = sourcecode.swift; path = TimelineSprite.swift; sourceTree = "<group>"; };
		DF0B29E223F0E4D1000C3721 /* VideoInfo.swift */ = {isa = PBXFileReference; lastKnownFileType = sourcecode.swift; path = VideoInfo.swift; sourceTree = "<group>"; };
		DF0B29E623F0EA80000C3721 /* VideoInfoViewController.swift */ = {isa = PBXFileReference; lastKnownFileType = sourcecode.swift; path = VideoInfoViewController.swift; sourceTree = "<group>"; };
		DF5FD0FB23F08B53005E35C6 /* Hydravion.app */ = {isa = PBXFileReference; explicitFileType = wrapper.application; includeInIndex = 0; path = Hydravion.app; sourceTree = BUILT_PRODUCTS_DIR; };
		DF5FD0FE23F08B53005E35C6 /* AppDelegate.swift */ = {isa = PBXFileReference; lastKnownFileType = sourcecode.swift; path = AppDelegate.swift; sourceTree = "<group>"; };
		DF5FD10323F08B53005E35C6 /* Base */ = {isa = PBXFileReference; lastKnownFileType = file.storyboard; name = Base; path = Base.lproj/Main.storyboard; sourceTree = "<group>"; };
		DF5FD10523F08B54005E35C6 /* Assets.xcassets */ = {isa = PBXFileReference; lastKnownFileType = folder.assetcatalog; path = Assets.xcassets; sourceTree = "<group>"; };
		DF5FD10823F08B54005E35C6 /* Base */ = {isa = PBXFileReference; lastKnownFileType = file.storyboard; name = Base; path = Base.lproj/LaunchScreen.storyboard; sourceTree = "<group>"; };
		DF5FD10F23F08B54005E35C6 /* HydravionTests.xctest */ = {isa = PBXFileReference; explicitFileType = wrapper.cfbundle; includeInIndex = 0; path = HydravionTests.xctest; sourceTree = BUILT_PRODUCTS_DIR; };
		DF5FD11323F08B54005E35C6 /* HydravionTests.swift */ = {isa = PBXFileReference; lastKnownFileType = sourcecode.swift; path = HydravionTests.swift; sourceTree = "<group>"; };
		DF5FD11523F08B54005E35C6 /* Info.plist */ = {isa = PBXFileReference; lastKnownFileType = text.plist.xml; path = Info.plist; sourceTree = "<group>"; };
		DF5FD11A23F08B54005E35C6 /* HydravionUITests.xctest */ = {isa = PBXFileReference; explicitFileType = wrapper.cfbundle; includeInIndex = 0; path = HydravionUITests.xctest; sourceTree = BUILT_PRODUCTS_DIR; };
		DF5FD11E23F08B54005E35C6 /* HydravionUITests.swift */ = {isa = PBXFileReference; lastKnownFileType = sourcecode.swift; path = HydravionUITests.swift; sourceTree = "<group>"; };
		DF5FD12023F08B54005E35C6 /* Info.plist */ = {isa = PBXFileReference; lastKnownFileType = text.plist.xml; path = Info.plist; sourceTree = "<group>"; };
		DF5FD12C23F08B91005E35C6 /* Subscription.swift */ = {isa = PBXFileReference; lastKnownFileType = sourcecode.swift; path = Subscription.swift; sourceTree = "<group>"; };
		DF5FD12E23F08BB8005E35C6 /* Plan.swift */ = {isa = PBXFileReference; lastKnownFileType = sourcecode.swift; path = Plan.swift; sourceTree = "<group>"; };
		DF5FD13023F08BD5005E35C6 /* ChildImages.swift */ = {isa = PBXFileReference; lastKnownFileType = sourcecode.swift; path = ChildImages.swift; sourceTree = "<group>"; };
		DF5FD13223F08BF9005E35C6 /* Thumbnail.swift */ = {isa = PBXFileReference; lastKnownFileType = sourcecode.swift; path = Thumbnail.swift; sourceTree = "<group>"; };
		DF5FD13523F08C3C005E35C6 /* Video.swift */ = {isa = PBXFileReference; lastKnownFileType = sourcecode.swift; path = Video.swift; sourceTree = "<group>"; };
		DF5FD13723F08C86005E35C6 /* LoginViewController.swift */ = {isa = PBXFileReference; lastKnownFileType = sourcecode.swift; path = LoginViewController.swift; sourceTree = "<group>"; };
		DF5FD13923F08CA7005E35C6 /* MainViewController.swift */ = {isa = PBXFileReference; lastKnownFileType = sourcecode.swift; path = MainViewController.swift; sourceTree = "<group>"; };
		DF5FD13B23F096A4005E35C6 /* NavigationController.swift */ = {isa = PBXFileReference; lastKnownFileType = sourcecode.swift; path = NavigationController.swift; sourceTree = "<group>"; };
		DF5FD13D23F0A3E0005E35C6 /* TwoFAViewController.swift */ = {isa = PBXFileReference; lastKnownFileType = sourcecode.swift; path = TwoFAViewController.swift; sourceTree = "<group>"; };
		DF5FD13F23F0AC8D005E35C6 /* VideoSelectionViewController.swift */ = {isa = PBXFileReference; lastKnownFileType = sourcecode.swift; path = VideoSelectionViewController.swift; sourceTree = "<group>"; };
		DF5FD14523F0BA34005E35C6 /* CollectionViewCell.swift */ = {isa = PBXFileReference; lastKnownFileType = sourcecode.swift; path = CollectionViewCell.swift; sourceTree = "<group>"; };
		DFE4C6A723F2009C00C6501D /* CreatorInfo.swift */ = {isa = PBXFileReference; lastKnownFileType = sourcecode.swift; path = CreatorInfo.swift; sourceTree = "<group>"; };
		DFE4C6A923F200DC00C6501D /* LiveStream.swift */ = {isa = PBXFileReference; lastKnownFileType = sourcecode.swift; path = LiveStream.swift; sourceTree = "<group>"; };
		DFE4C6AB23F200F900C6501D /* Offline.swift */ = {isa = PBXFileReference; lastKnownFileType = sourcecode.swift; path = Offline.swift; sourceTree = "<group>"; };
		DFE4C6AD23F2010C00C6501D /* Cover.swift */ = {isa = PBXFileReference; lastKnownFileType = sourcecode.swift; path = Cover.swift; sourceTree = "<group>"; };
		DFE4C6AF23F2012000C6501D /* Icon.swift */ = {isa = PBXFileReference; lastKnownFileType = sourcecode.swift; path = Icon.swift; sourceTree = "<group>"; };
		DFE4C6B123F2033F00C6501D /* LiveCDN.swift */ = {isa = PBXFileReference; lastKnownFileType = sourcecode.swift; path = LiveCDN.swift; sourceTree = "<group>"; };
		DFE4C6B323F2035200C6501D /* ResourceData.swift */ = {isa = PBXFileReference; lastKnownFileType = sourcecode.swift; path = ResourceData.swift; sourceTree = "<group>"; };
		DFE4C6B523F2036900C6501D /* Resource.swift */ = {isa = PBXFileReference; lastKnownFileType = sourcecode.swift; path = Resource.swift; sourceTree = "<group>"; };
/* End PBXFileReference section */

/* Begin PBXFrameworksBuildPhase section */
		DF5FD0F823F08B52005E35C6 /* Frameworks */ = {
			isa = PBXFrameworksBuildPhase;
			buildActionMask = 2147483647;
			files = (
				DFE4C6B923F20BEC00C6501D /* RegEx in Frameworks */,
			);
			runOnlyForDeploymentPostprocessing = 0;
		};
		DF5FD10C23F08B54005E35C6 /* Frameworks */ = {
			isa = PBXFrameworksBuildPhase;
			buildActionMask = 2147483647;
			files = (
			);
			runOnlyForDeploymentPostprocessing = 0;
		};
		DF5FD11723F08B54005E35C6 /* Frameworks */ = {
			isa = PBXFrameworksBuildPhase;
			buildActionMask = 2147483647;
			files = (
			);
			runOnlyForDeploymentPostprocessing = 0;
		};
/* End PBXFrameworksBuildPhase section */

/* Begin PBXGroup section */
		DF5FD0F223F08B52005E35C6 = {
			isa = PBXGroup;
			children = (
				DF5FD0FD23F08B53005E35C6 /* Hydravion */,
				DF5FD11223F08B54005E35C6 /* HydravionTests */,
				DF5FD11D23F08B54005E35C6 /* HydravionUITests */,
				DF5FD0FC23F08B53005E35C6 /* Products */,
			);
			sourceTree = "<group>";
		};
		DF5FD0FC23F08B53005E35C6 /* Products */ = {
			isa = PBXGroup;
			children = (
				DF5FD0FB23F08B53005E35C6 /* Hydravion.app */,
				DF5FD10F23F08B54005E35C6 /* HydravionTests.xctest */,
				DF5FD11A23F08B54005E35C6 /* HydravionUITests.xctest */,
			);
			name = Products;
			sourceTree = "<group>";
		};
		DF5FD0FD23F08B53005E35C6 /* Hydravion */ = {
			isa = PBXGroup;
			children = (
				DFE4C6A623F1F5A300C6501D /* ViewControllers */,
				DFE4C6A523F1F58600C6501D /* Models */,
				DF5FD0FE23F08B53005E35C6 /* AppDelegate.swift */,
				DF5FD10223F08B53005E35C6 /* Main.storyboard */,
				DF5FD10523F08B54005E35C6 /* Assets.xcassets */,
				DF5FD10723F08B54005E35C6 /* LaunchScreen.storyboard */,
			);
			path = Hydravion;
			sourceTree = "<group>";
		};
		DF5FD11223F08B54005E35C6 /* HydravionTests */ = {
			isa = PBXGroup;
			children = (
				DF5FD11323F08B54005E35C6 /* HydravionTests.swift */,
				DF5FD11523F08B54005E35C6 /* Info.plist */,
			);
			path = HydravionTests;
			sourceTree = "<group>";
		};
		DF5FD11D23F08B54005E35C6 /* HydravionUITests */ = {
			isa = PBXGroup;
			children = (
				DF5FD11E23F08B54005E35C6 /* HydravionUITests.swift */,
				DF5FD12023F08B54005E35C6 /* Info.plist */,
			);
			path = HydravionUITests;
			sourceTree = "<group>";
		};
		DFE4C6A523F1F58600C6501D /* Models */ = {
			isa = PBXGroup;
			children = (
				DF5FD12C23F08B91005E35C6 /* Subscription.swift */,
				DF5FD12E23F08BB8005E35C6 /* Plan.swift */,
				DF5FD13023F08BD5005E35C6 /* ChildImages.swift */,
				DF5FD13223F08BF9005E35C6 /* Thumbnail.swift */,
				DF5FD13523F08C3C005E35C6 /* Video.swift */,
				DF0B29DE23F0E49C000C3721 /* Levels.swift */,
				DF0B29E223F0E4D1000C3721 /* VideoInfo.swift */,
				DF0B29E023F0E4B9000C3721 /* TimelineSprite.swift */,
				DFE4C6A723F2009C00C6501D /* CreatorInfo.swift */,
				DFE4C6A923F200DC00C6501D /* LiveStream.swift */,
				DFE4C6AB23F200F900C6501D /* Offline.swift */,
				DFE4C6AD23F2010C00C6501D /* Cover.swift */,
				DFE4C6AF23F2012000C6501D /* Icon.swift */,
				DFE4C6B123F2033F00C6501D /* LiveCDN.swift */,
				DFE4C6B323F2035200C6501D /* ResourceData.swift */,
				DFE4C6B523F2036900C6501D /* Resource.swift */,
			);
			path = Models;
			sourceTree = "<group>";
		};
		DFE4C6A623F1F5A300C6501D /* ViewControllers */ = {
			isa = PBXGroup;
			children = (
				DF5FD13B23F096A4005E35C6 /* NavigationController.swift */,
				DF5FD13723F08C86005E35C6 /* LoginViewController.swift */,
				DF5FD13D23F0A3E0005E35C6 /* TwoFAViewController.swift */,
				DF5FD13923F08CA7005E35C6 /* MainViewController.swift */,
				DF5FD14523F0BA34005E35C6 /* CollectionViewCell.swift */,
				DF5FD13F23F0AC8D005E35C6 /* VideoSelectionViewController.swift */,
				DF0B29E623F0EA80000C3721 /* VideoInfoViewController.swift */,
			);
			path = ViewControllers;
			sourceTree = "<group>";
		};
/* End PBXGroup section */

/* Begin PBXNativeTarget section */
		DF5FD0FA23F08B52005E35C6 /* Hydravion */ = {
			isa = PBXNativeTarget;
			buildConfigurationList = DF5FD12323F08B54005E35C6 /* Build configuration list for PBXNativeTarget "Hydravion" */;
			buildPhases = (
				DF5FD0F723F08B52005E35C6 /* Sources */,
				DF5FD0F823F08B52005E35C6 /* Frameworks */,
				DF5FD0F923F08B52005E35C6 /* Resources */,
			);
			buildRules = (
			);
			dependencies = (
			);
			name = Hydravion;
			packageProductDependencies = (
				DFE4C6B823F20BEC00C6501D /* RegEx */,
			);
			productName = Hydravion;
			productReference = DF5FD0FB23F08B53005E35C6 /* Hydravion.app */;
			productType = "com.apple.product-type.application";
		};
		DF5FD10E23F08B54005E35C6 /* HydravionTests */ = {
			isa = PBXNativeTarget;
			buildConfigurationList = DF5FD12623F08B54005E35C6 /* Build configuration list for PBXNativeTarget "HydravionTests" */;
			buildPhases = (
				DF5FD10B23F08B54005E35C6 /* Sources */,
				DF5FD10C23F08B54005E35C6 /* Frameworks */,
				DF5FD10D23F08B54005E35C6 /* Resources */,
			);
			buildRules = (
			);
			dependencies = (
				DF5FD11123F08B54005E35C6 /* PBXTargetDependency */,
			);
			name = HydravionTests;
			productName = HydravionTests;
			productReference = DF5FD10F23F08B54005E35C6 /* HydravionTests.xctest */;
			productType = "com.apple.product-type.bundle.unit-test";
		};
		DF5FD11923F08B54005E35C6 /* HydravionUITests */ = {
			isa = PBXNativeTarget;
			buildConfigurationList = DF5FD12923F08B54005E35C6 /* Build configuration list for PBXNativeTarget "HydravionUITests" */;
			buildPhases = (
				DF5FD11623F08B54005E35C6 /* Sources */,
				DF5FD11723F08B54005E35C6 /* Frameworks */,
				DF5FD11823F08B54005E35C6 /* Resources */,
			);
			buildRules = (
			);
			dependencies = (
				DF5FD11C23F08B54005E35C6 /* PBXTargetDependency */,
			);
			name = HydravionUITests;
			productName = HydravionUITests;
			productReference = DF5FD11A23F08B54005E35C6 /* HydravionUITests.xctest */;
			productType = "com.apple.product-type.bundle.ui-testing";
		};
/* End PBXNativeTarget section */

/* Begin PBXProject section */
		DF5FD0F323F08B52005E35C6 /* Project object */ = {
			isa = PBXProject;
			attributes = {
				LastSwiftUpdateCheck = 1130;
				LastUpgradeCheck = 1130;
				ORGANIZATIONNAME = bmlzootown;
				TargetAttributes = {
					DF5FD0FA23F08B52005E35C6 = {
						CreatedOnToolsVersion = 11.3.1;
					};
					DF5FD10E23F08B54005E35C6 = {
						CreatedOnToolsVersion = 11.3.1;
						TestTargetID = DF5FD0FA23F08B52005E35C6;
					};
					DF5FD11923F08B54005E35C6 = {
						CreatedOnToolsVersion = 11.3.1;
						TestTargetID = DF5FD0FA23F08B52005E35C6;
					};
				};
			};
			buildConfigurationList = DF5FD0F623F08B52005E35C6 /* Build configuration list for PBXProject "Hydravion" */;
			compatibilityVersion = "Xcode 9.3";
			developmentRegion = en;
			hasScannedForEncodings = 0;
			knownRegions = (
				en,
				Base,
			);
			mainGroup = DF5FD0F223F08B52005E35C6;
			packageReferences = (
				DFE4C6B723F20BEC00C6501D /* XCRemoteSwiftPackageReference "RegEx" */,
			);
			productRefGroup = DF5FD0FC23F08B53005E35C6 /* Products */;
			projectDirPath = "";
			projectRoot = "";
			targets = (
				DF5FD0FA23F08B52005E35C6 /* Hydravion */,
				DF5FD10E23F08B54005E35C6 /* HydravionTests */,
				DF5FD11923F08B54005E35C6 /* HydravionUITests */,
			);
		};
/* End PBXProject section */

/* Begin PBXResourcesBuildPhase section */
		DF5FD0F923F08B52005E35C6 /* Resources */ = {
			isa = PBXResourcesBuildPhase;
			buildActionMask = 2147483647;
			files = (
				DF5FD10923F08B54005E35C6 /* LaunchScreen.storyboard in Resources */,
				DF5FD10623F08B54005E35C6 /* Assets.xcassets in Resources */,
				DF5FD10423F08B53005E35C6 /* Main.storyboard in Resources */,
			);
			runOnlyForDeploymentPostprocessing = 0;
		};
		DF5FD10D23F08B54005E35C6 /* Resources */ = {
			isa = PBXResourcesBuildPhase;
			buildActionMask = 2147483647;
			files = (
			);
			runOnlyForDeploymentPostprocessing = 0;
		};
		DF5FD11823F08B54005E35C6 /* Resources */ = {
			isa = PBXResourcesBuildPhase;
			buildActionMask = 2147483647;
			files = (
			);
			runOnlyForDeploymentPostprocessing = 0;
		};
/* End PBXResourcesBuildPhase section */

/* Begin PBXSourcesBuildPhase section */
		DF5FD0F723F08B52005E35C6 /* Sources */ = {
			isa = PBXSourcesBuildPhase;
			buildActionMask = 2147483647;
			files = (
				DF5FD12F23F08BB8005E35C6 /* Plan.swift in Sources */,
				DF5FD12D23F08B91005E35C6 /* Subscription.swift in Sources */,
				DF5FD14623F0BA34005E35C6 /* CollectionViewCell.swift in Sources */,
				DF5FD13323F08BF9005E35C6 /* Thumbnail.swift in Sources */,
				DF0B29DF23F0E49C000C3721 /* Levels.swift in Sources */,
				DF5FD13123F08BD5005E35C6 /* ChildImages.swift in Sources */,
				DF5FD13823F08C86005E35C6 /* LoginViewController.swift in Sources */,
				DFE4C6B223F2033F00C6501D /* LiveCDN.swift in Sources */,
				DF5FD13A23F08CA7005E35C6 /* MainViewController.swift in Sources */,
				DFE4C6B623F2036900C6501D /* Resource.swift in Sources */,
				DF0B29E723F0EA80000C3721 /* VideoInfoViewController.swift in Sources */,
				DFE4C6B023F2012000C6501D /* Icon.swift in Sources */,
				DF5FD14023F0AC8D005E35C6 /* VideoSelectionViewController.swift in Sources */,
				DF5FD13C23F096A4005E35C6 /* NavigationController.swift in Sources */,
				DFE4C6B423F2035200C6501D /* ResourceData.swift in Sources */,
				DFE4C6AC23F200F900C6501D /* Offline.swift in Sources */,
				DFE4C6AA23F200DC00C6501D /* LiveStream.swift in Sources */,
				DFE4C6AE23F2010C00C6501D /* Cover.swift in Sources */,
				DF5FD13623F08C3C005E35C6 /* Video.swift in Sources */,
				DFE4C6A823F2009C00C6501D /* CreatorInfo.swift in Sources */,
				DF5FD13E23F0A3E0005E35C6 /* TwoFAViewController.swift in Sources */,
				DF0B29E323F0E4D1000C3721 /* VideoInfo.swift in Sources */,
				DF5FD0FF23F08B53005E35C6 /* AppDelegate.swift in Sources */,
				DF0B29E123F0E4B9000C3721 /* TimelineSprite.swift in Sources */,
			);
			runOnlyForDeploymentPostprocessing = 0;
		};
		DF5FD10B23F08B54005E35C6 /* Sources */ = {
			isa = PBXSourcesBuildPhase;
			buildActionMask = 2147483647;
			files = (
				DF5FD11423F08B54005E35C6 /* HydravionTests.swift in Sources */,
			);
			runOnlyForDeploymentPostprocessing = 0;
		};
		DF5FD11623F08B54005E35C6 /* Sources */ = {
			isa = PBXSourcesBuildPhase;
			buildActionMask = 2147483647;
			files = (
				DF5FD11F23F08B54005E35C6 /* HydravionUITests.swift in Sources */,
			);
			runOnlyForDeploymentPostprocessing = 0;
		};
/* End PBXSourcesBuildPhase section */

/* Begin PBXTargetDependency section */
		DF5FD11123F08B54005E35C6 /* PBXTargetDependency */ = {
			isa = PBXTargetDependency;
			target = DF5FD0FA23F08B52005E35C6 /* Hydravion */;
			targetProxy = DF5FD11023F08B54005E35C6 /* PBXContainerItemProxy */;
		};
		DF5FD11C23F08B54005E35C6 /* PBXTargetDependency */ = {
			isa = PBXTargetDependency;
			target = DF5FD0FA23F08B52005E35C6 /* Hydravion */;
			targetProxy = DF5FD11B23F08B54005E35C6 /* PBXContainerItemProxy */;
		};
/* End PBXTargetDependency section */

/* Begin PBXVariantGroup section */
		DF5FD10223F08B53005E35C6 /* Main.storyboard */ = {
			isa = PBXVariantGroup;
			children = (
				DF5FD10323F08B53005E35C6 /* Base */,
			);
			name = Main.storyboard;
			sourceTree = "<group>";
		};
		DF5FD10723F08B54005E35C6 /* LaunchScreen.storyboard */ = {
			isa = PBXVariantGroup;
			children = (
				DF5FD10823F08B54005E35C6 /* Base */,
			);
			name = LaunchScreen.storyboard;
			sourceTree = "<group>";
		};
/* End PBXVariantGroup section */

/* Begin XCBuildConfiguration section */
		DF5FD12123F08B54005E35C6 /* Debug */ = {
			isa = XCBuildConfiguration;
			buildSettings = {
				ALWAYS_SEARCH_USER_PATHS = NO;
				CLANG_ANALYZER_NONNULL = YES;
				CLANG_ANALYZER_NUMBER_OBJECT_CONVERSION = YES_AGGRESSIVE;
				CLANG_CXX_LANGUAGE_STANDARD = "gnu++14";
				CLANG_CXX_LIBRARY = "libc++";
				CLANG_ENABLE_MODULES = YES;
				CLANG_ENABLE_OBJC_ARC = YES;
				CLANG_ENABLE_OBJC_WEAK = YES;
				CLANG_WARN_BLOCK_CAPTURE_AUTORELEASING = YES;
				CLANG_WARN_BOOL_CONVERSION = YES;
				CLANG_WARN_COMMA = YES;
				CLANG_WARN_CONSTANT_CONVERSION = YES;
				CLANG_WARN_DEPRECATED_OBJC_IMPLEMENTATIONS = YES;
				CLANG_WARN_DIRECT_OBJC_ISA_USAGE = YES_ERROR;
				CLANG_WARN_DOCUMENTATION_COMMENTS = YES;
				CLANG_WARN_EMPTY_BODY = YES;
				CLANG_WARN_ENUM_CONVERSION = YES;
				CLANG_WARN_INFINITE_RECURSION = YES;
				CLANG_WARN_INT_CONVERSION = YES;
				CLANG_WARN_NON_LITERAL_NULL_CONVERSION = YES;
				CLANG_WARN_OBJC_IMPLICIT_RETAIN_SELF = YES;
				CLANG_WARN_OBJC_LITERAL_CONVERSION = YES;
				CLANG_WARN_OBJC_ROOT_CLASS = YES_ERROR;
				CLANG_WARN_RANGE_LOOP_ANALYSIS = YES;
				CLANG_WARN_STRICT_PROTOTYPES = YES;
				CLANG_WARN_SUSPICIOUS_MOVE = YES;
				CLANG_WARN_UNGUARDED_AVAILABILITY = YES_AGGRESSIVE;
				CLANG_WARN_UNREACHABLE_CODE = YES;
				CLANG_WARN__DUPLICATE_METHOD_MATCH = YES;
				COPY_PHASE_STRIP = NO;
				DEBUG_INFORMATION_FORMAT = dwarf;
				ENABLE_STRICT_OBJC_MSGSEND = YES;
				ENABLE_TESTABILITY = YES;
				GCC_C_LANGUAGE_STANDARD = gnu11;
				GCC_DYNAMIC_NO_PIC = NO;
				GCC_NO_COMMON_BLOCKS = YES;
				GCC_OPTIMIZATION_LEVEL = 0;
				GCC_PREPROCESSOR_DEFINITIONS = (
					"DEBUG=1",
					"$(inherited)",
				);
				GCC_WARN_64_TO_32_BIT_CONVERSION = YES;
				GCC_WARN_ABOUT_RETURN_TYPE = YES_ERROR;
				GCC_WARN_UNDECLARED_SELECTOR = YES;
				GCC_WARN_UNINITIALIZED_AUTOS = YES_AGGRESSIVE;
				GCC_WARN_UNUSED_FUNCTION = YES;
				GCC_WARN_UNUSED_VARIABLE = YES;
				MTL_ENABLE_DEBUG_INFO = INCLUDE_SOURCE;
				MTL_FAST_MATH = YES;
				ONLY_ACTIVE_ARCH = YES;
				SDKROOT = appletvos;
				SWIFT_ACTIVE_COMPILATION_CONDITIONS = DEBUG;
				SWIFT_OPTIMIZATION_LEVEL = "-Onone";
				TVOS_DEPLOYMENT_TARGET = 13.2;
			};
			name = Debug;
		};
		DF5FD12223F08B54005E35C6 /* Release */ = {
			isa = XCBuildConfiguration;
			buildSettings = {
				ALWAYS_SEARCH_USER_PATHS = NO;
				CLANG_ANALYZER_NONNULL = YES;
				CLANG_ANALYZER_NUMBER_OBJECT_CONVERSION = YES_AGGRESSIVE;
				CLANG_CXX_LANGUAGE_STANDARD = "gnu++14";
				CLANG_CXX_LIBRARY = "libc++";
				CLANG_ENABLE_MODULES = YES;
				CLANG_ENABLE_OBJC_ARC = YES;
				CLANG_ENABLE_OBJC_WEAK = YES;
				CLANG_WARN_BLOCK_CAPTURE_AUTORELEASING = YES;
				CLANG_WARN_BOOL_CONVERSION = YES;
				CLANG_WARN_COMMA = YES;
				CLANG_WARN_CONSTANT_CONVERSION = YES;
				CLANG_WARN_DEPRECATED_OBJC_IMPLEMENTATIONS = YES;
				CLANG_WARN_DIRECT_OBJC_ISA_USAGE = YES_ERROR;
				CLANG_WARN_DOCUMENTATION_COMMENTS = YES;
				CLANG_WARN_EMPTY_BODY = YES;
				CLANG_WARN_ENUM_CONVERSION = YES;
				CLANG_WARN_INFINITE_RECURSION = YES;
				CLANG_WARN_INT_CONVERSION = YES;
				CLANG_WARN_NON_LITERAL_NULL_CONVERSION = YES;
				CLANG_WARN_OBJC_IMPLICIT_RETAIN_SELF = YES;
				CLANG_WARN_OBJC_LITERAL_CONVERSION = YES;
				CLANG_WARN_OBJC_ROOT_CLASS = YES_ERROR;
				CLANG_WARN_RANGE_LOOP_ANALYSIS = YES;
				CLANG_WARN_STRICT_PROTOTYPES = YES;
				CLANG_WARN_SUSPICIOUS_MOVE = YES;
				CLANG_WARN_UNGUARDED_AVAILABILITY = YES_AGGRESSIVE;
				CLANG_WARN_UNREACHABLE_CODE = YES;
				CLANG_WARN__DUPLICATE_METHOD_MATCH = YES;
				COPY_PHASE_STRIP = NO;
				DEBUG_INFORMATION_FORMAT = "dwarf-with-dsym";
				ENABLE_NS_ASSERTIONS = NO;
				ENABLE_STRICT_OBJC_MSGSEND = YES;
				GCC_C_LANGUAGE_STANDARD = gnu11;
				GCC_NO_COMMON_BLOCKS = YES;
				GCC_WARN_64_TO_32_BIT_CONVERSION = YES;
				GCC_WARN_ABOUT_RETURN_TYPE = YES_ERROR;
				GCC_WARN_UNDECLARED_SELECTOR = YES;
				GCC_WARN_UNINITIALIZED_AUTOS = YES_AGGRESSIVE;
				GCC_WARN_UNUSED_FUNCTION = YES;
				GCC_WARN_UNUSED_VARIABLE = YES;
				MTL_ENABLE_DEBUG_INFO = NO;
				MTL_FAST_MATH = YES;
				SDKROOT = appletvos;
				SWIFT_COMPILATION_MODE = wholemodule;
				SWIFT_OPTIMIZATION_LEVEL = "-O";
				TVOS_DEPLOYMENT_TARGET = 13.2;
				VALIDATE_PRODUCT = YES;
			};
			name = Release;
		};
		DF5FD12423F08B54005E35C6 /* Debug */ = {
			isa = XCBuildConfiguration;
			buildSettings = {
				ASSETCATALOG_COMPILER_APPICON_NAME = "App Icon & Top Shelf Image";
				CODE_SIGN_STYLE = Automatic;
				INFOPLIST_FILE = Hydravion/Info.plist;
				LD_RUNPATH_SEARCH_PATHS = (
					"$(inherited)",
					"@executable_path/Frameworks",
				);
				PRODUCT_BUNDLE_IDENTIFIER = ml.bmlzootown.Hydravion;
				PRODUCT_NAME = "$(TARGET_NAME)";
				SWIFT_VERSION = 5.0;
				TARGETED_DEVICE_FAMILY = 3;
				TVOS_DEPLOYMENT_TARGET = 13.2;
			};
			name = Debug;
		};
		DF5FD12523F08B54005E35C6 /* Release */ = {
			isa = XCBuildConfiguration;
			buildSettings = {
				ASSETCATALOG_COMPILER_APPICON_NAME = "App Icon & Top Shelf Image";
				CODE_SIGN_STYLE = Automatic;
				INFOPLIST_FILE = Hydravion/Info.plist;
				LD_RUNPATH_SEARCH_PATHS = (
					"$(inherited)",
					"@executable_path/Frameworks",
				);
				PRODUCT_BUNDLE_IDENTIFIER = ml.bmlzootown.Hydravion;
				PRODUCT_NAME = "$(TARGET_NAME)";
				SWIFT_VERSION = 5.0;
				TARGETED_DEVICE_FAMILY = 3;
				TVOS_DEPLOYMENT_TARGET = 13.2;
			};
			name = Release;
		};
		DF5FD12723F08B54005E35C6 /* Debug */ = {
			isa = XCBuildConfiguration;
			buildSettings = {
				ALWAYS_EMBED_SWIFT_STANDARD_LIBRARIES = YES;
				BUNDLE_LOADER = "$(TEST_HOST)";
				CODE_SIGN_STYLE = Automatic;
				INFOPLIST_FILE = HydravionTests/Info.plist;
				LD_RUNPATH_SEARCH_PATHS = (
					"$(inherited)",
					"@executable_path/Frameworks",
					"@loader_path/Frameworks",
				);
				PRODUCT_BUNDLE_IDENTIFIER = ml.bmlzootown.HydravionTests;
				PRODUCT_NAME = "$(TARGET_NAME)";
				SWIFT_VERSION = 5.0;
				TARGETED_DEVICE_FAMILY = 3;
				TEST_HOST = "$(BUILT_PRODUCTS_DIR)/Hydravion.app/Hydravion";
				TVOS_DEPLOYMENT_TARGET = 13.2;
			};
			name = Debug;
		};
		DF5FD12823F08B54005E35C6 /* Release */ = {
			isa = XCBuildConfiguration;
			buildSettings = {
				ALWAYS_EMBED_SWIFT_STANDARD_LIBRARIES = YES;
				BUNDLE_LOADER = "$(TEST_HOST)";
				CODE_SIGN_STYLE = Automatic;
				INFOPLIST_FILE = HydravionTests/Info.plist;
				LD_RUNPATH_SEARCH_PATHS = (
					"$(inherited)",
					"@executable_path/Frameworks",
					"@loader_path/Frameworks",
				);
				PRODUCT_BUNDLE_IDENTIFIER = ml.bmlzootown.HydravionTests;
				PRODUCT_NAME = "$(TARGET_NAME)";
				SWIFT_VERSION = 5.0;
				TARGETED_DEVICE_FAMILY = 3;
				TEST_HOST = "$(BUILT_PRODUCTS_DIR)/Hydravion.app/Hydravion";
				TVOS_DEPLOYMENT_TARGET = 13.2;
			};
			name = Release;
		};
		DF5FD12A23F08B54005E35C6 /* Debug */ = {
			isa = XCBuildConfiguration;
			buildSettings = {
				ALWAYS_EMBED_SWIFT_STANDARD_LIBRARIES = YES;
				CODE_SIGN_STYLE = Automatic;
				INFOPLIST_FILE = HydravionUITests/Info.plist;
				LD_RUNPATH_SEARCH_PATHS = (
					"$(inherited)",
					"@executable_path/Frameworks",
					"@loader_path/Frameworks",
				);
				PRODUCT_BUNDLE_IDENTIFIER = ml.bmlzootown.HydravionUITests;
				PRODUCT_NAME = "$(TARGET_NAME)";
				SWIFT_VERSION = 5.0;
				TARGETED_DEVICE_FAMILY = 3;
				TEST_TARGET_NAME = Hydravion;
			};
			name = Debug;
		};
		DF5FD12B23F08B54005E35C6 /* Release */ = {
			isa = XCBuildConfiguration;
			buildSettings = {
				ALWAYS_EMBED_SWIFT_STANDARD_LIBRARIES = YES;
				CODE_SIGN_STYLE = Automatic;
				INFOPLIST_FILE = HydravionUITests/Info.plist;
				LD_RUNPATH_SEARCH_PATHS = (
					"$(inherited)",
					"@executable_path/Frameworks",
					"@loader_path/Frameworks",
				);
				PRODUCT_BUNDLE_IDENTIFIER = ml.bmlzootown.HydravionUITests;
				PRODUCT_NAME = "$(TARGET_NAME)";
				SWIFT_VERSION = 5.0;
				TARGETED_DEVICE_FAMILY = 3;
				TEST_TARGET_NAME = Hydravion;
			};
			name = Release;
		};
/* End XCBuildConfiguration section */

/* Begin XCConfigurationList section */
		DF5FD0F623F08B52005E35C6 /* Build configuration list for PBXProject "Hydravion" */ = {
			isa = XCConfigurationList;
			buildConfigurations = (
				DF5FD12123F08B54005E35C6 /* Debug */,
				DF5FD12223F08B54005E35C6 /* Release */,
			);
			defaultConfigurationIsVisible = 0;
			defaultConfigurationName = Release;
		};
		DF5FD12323F08B54005E35C6 /* Build configuration list for PBXNativeTarget "Hydravion" */ = {
			isa = XCConfigurationList;
			buildConfigurations = (
				DF5FD12423F08B54005E35C6 /* Debug */,
				DF5FD12523F08B54005E35C6 /* Release */,
			);
			defaultConfigurationIsVisible = 0;
			defaultConfigurationName = Release;
		};
		DF5FD12623F08B54005E35C6 /* Build configuration list for PBXNativeTarget "HydravionTests" */ = {
			isa = XCConfigurationList;
			buildConfigurations = (
				DF5FD12723F08B54005E35C6 /* Debug */,
				DF5FD12823F08B54005E35C6 /* Release */,
			);
			defaultConfigurationIsVisible = 0;
			defaultConfigurationName = Release;
		};
		DF5FD12923F08B54005E35C6 /* Build configuration list for PBXNativeTarget "HydravionUITests" */ = {
			isa = XCConfigurationList;
			buildConfigurations = (
				DF5FD12A23F08B54005E35C6 /* Debug */,
				DF5FD12B23F08B54005E35C6 /* Release */,
			);
			defaultConfigurationIsVisible = 0;
			defaultConfigurationName = Release;
		};
/* End XCConfigurationList section */

/* Begin XCRemoteSwiftPackageReference section */
		DFE4C6B723F20BEC00C6501D /* XCRemoteSwiftPackageReference "RegEx" */ = {
			isa = XCRemoteSwiftPackageReference;
			repositoryURL = "https://github.com/eneko/RegEx";
			requirement = {
				kind = upToNextMajorVersion;
				minimumVersion = 0.3.0;
			};
		};
/* End XCRemoteSwiftPackageReference section */

/* Begin XCSwiftPackageProductDependency section */
		DFE4C6B823F20BEC00C6501D /* RegEx */ = {
			isa = XCSwiftPackageProductDependency;
			package = DFE4C6B723F20BEC00C6501D /* XCRemoteSwiftPackageReference "RegEx" */;
			productName = RegEx;
		};
/* End XCSwiftPackageProductDependency section */
	};
	rootObject = DF5FD0F323F08B52005E35C6 /* Project object */;
}
